
Microsoft Visual Studio Solution File, Format Version 12.00
# Visual Studio Version 16
VisualStudioVersion = 16.0.31515.178
MinimumVisualStudioVersion = 10.0.40219.1
Project("{FAE04EC0-301F-11D3-BF4B-00C04F79EFBC}") = "MethodExercise", "MethodExercise\MethodExercise.csproj", "{91362712-44E7-4008-B1EB-25DC7F04B71F}"
EndProject
Global
	GlobalSection(SolutionConfigurationPlatforms) = preSolution
		Debug|Any CPU = Debug|Any CPU
		Release|Any CPU = Release|Any CPU
	EndGlobalSection
	GlobalSection(ProjectConfigurationPlatforms) = postSolution
		{91362712-44E7-4008-B1EB-25DC7F04B71F}.Debug|Any CPU.ActiveCfg = Debug|Any CPU
		{91362712-44E7-4008-B1EB-25DC7F04B71F}.Debug|Any CPU.Build.0 = Debug|Any CPU
		{91362712-44E7-4008-B1EB-25DC7F04B71F}.Release|Any CPU.ActiveCfg = Release|Any CPU
		{91362712-44E7-4008-B1EB-25DC7F04B71F}.Release|Any CPU.Build.0 = Release|Any CPU
	EndGlobalSection
	GlobalSection(SolutionProperties) = preSolution
		HideSolutionNode = FALSE
	EndGlobalSection
	GlobalSection(ExtensibilityGlobals) = postSolution
		SolutionGuid = {45B3A837-B776-488B-99AD-B2D8FF6BEB3C}
	EndGlobalSection
EndGlobal
